// !$*UTF8*$!
{
	archiveVersion = 1;
	classes = {
	};
	objectVersion = 46;
	objects = {

/* Begin PBXBuildFile section */
		9434D3F31F23D59500D8D65B /* AppDelegate.swift in Sources */ = {isa = PBXBuildFile; fileRef = 9434D3F21F23D59500D8D65B /* AppDelegate.swift */; };
		9434D3F51F23D59500D8D65B /* GameScene.sks in Resources */ = {isa = PBXBuildFile; fileRef = 9434D3F41F23D59500D8D65B /* GameScene.sks */; };
		9434D3F71F23D59500D8D65B /* Actions.sks in Resources */ = {isa = PBXBuildFile; fileRef = 9434D3F61F23D59500D8D65B /* Actions.sks */; };
		9434D3F91F23D59500D8D65B /* GameScene.swift in Sources */ = {isa = PBXBuildFile; fileRef = 9434D3F81F23D59500D8D65B /* GameScene.swift */; };
		9434D3FB1F23D59500D8D65B /* GameViewController.swift in Sources */ = {isa = PBXBuildFile; fileRef = 9434D3FA1F23D59500D8D65B /* GameViewController.swift */; };
		9434D3FE1F23D59500D8D65B /* Main.storyboard in Resources */ = {isa = PBXBuildFile; fileRef = 9434D3FC1F23D59500D8D65B /* Main.storyboard */; };
		9434D4001F23D59500D8D65B /* Assets.xcassets in Resources */ = {isa = PBXBuildFile; fileRef = 9434D3FF1F23D59500D8D65B /* Assets.xcassets */; };
		9434D4031F23D59500D8D65B /* LaunchScreen.storyboard in Resources */ = {isa = PBXBuildFile; fileRef = 9434D4011F23D59500D8D65B /* LaunchScreen.storyboard */; };
		9434D40B1F23D61A00D8D65B /* Helper.swift in Sources */ = {isa = PBXBuildFile; fileRef = 9434D40A1F23D61A00D8D65B /* Helper.swift */; };
		9441BBB51F23FEC700FA46F8 /* BuildingNode.swift in Sources */ = {isa = PBXBuildFile; fileRef = 9441BBB41F23FEC700FA46F8 /* BuildingNode.swift */; };
/* End PBXBuildFile section */

/* Begin PBXFileReference section */
		9434D3EF1F23D59500D8D65B /* Project29.app */ = {isa = PBXFileReference; explicitFileType = wrapper.application; includeInIndex = 0; path = Project29.app; sourceTree = BUILT_PRODUCTS_DIR; };
		9434D3F21F23D59500D8D65B /* AppDelegate.swift */ = {isa = PBXFileReference; lastKnownFileType = sourcecode.swift; path = AppDelegate.swift; sourceTree = "<group>"; };
		9434D3F41F23D59500D8D65B /* GameScene.sks */ = {isa = PBXFileReference; lastKnownFileType = file.sks; path = GameScene.sks; sourceTree = "<group>"; };
		9434D3F61F23D59500D8D65B /* Actions.sks */ = {isa = PBXFileReference; lastKnownFileType = file.sks; path = Actions.sks; sourceTree = "<group>"; };
		9434D3F81F23D59500D8D65B /* GameScene.swift */ = {isa = PBXFileReference; lastKnownFileType = sourcecode.swift; path = GameScene.swift; sourceTree = "<group>"; };
		9434D3FA1F23D59500D8D65B /* GameViewController.swift */ = {isa = PBXFileReference; lastKnownFileType = sourcecode.swift; path = GameViewController.swift; sourceTree = "<group>"; };
		9434D3FD1F23D59500D8D65B /* Base */ = {isa = PBXFileReference; lastKnownFileType = file.storyboard; name = Base; path = Base.lproj/Main.storyboard; sourceTree = "<group>"; };
		9434D3FF1F23D59500D8D65B /* Assets.xcassets */ = {isa = PBXFileReference; lastKnownFileType = folder.assetcatalog; path = Assets.xcassets; sourceTree = "<group>"; };
		9434D4021F23D59500D8D65B /* Base */ = {isa = PBXFileReference; lastKnownFileType = file.storyboard; name = Base; path = Base.lproj/LaunchScreen.storyboard; sourceTree = "<group>"; };
		9434D4041F23D59500D8D65B /* Info.plist */ = {isa = PBXFileReference; lastKnownFileType = text.plist.xml; path = Info.plist; sourceTree = "<group>"; };
		9434D40A1F23D61A00D8D65B /* Helper.swift */ = {isa = PBXFileReference; fileEncoding = 4; lastKnownFileType = sourcecode.swift; path = Helper.swift; sourceTree = "<group>"; };
		9441BBB41F23FEC700FA46F8 /* BuildingNode.swift */ = {isa = PBXFileReference; fileEncoding = 4; lastKnownFileType = sourcecode.swift; path = BuildingNode.swift; sourceTree = "<group>"; };
/* End PBXFileReference section */

/* Begin PBXFrameworksBuildPhase section */
		9434D3EC1F23D59500D8D65B /* Frameworks */ = {
			isa = PBXFrameworksBuildPhase;
			buildActionMask = 2147483647;
			files = (
			);
			runOnlyForDeploymentPostprocessing = 0;
		};
/* End PBXFrameworksBuildPhase section */

/* Begin PBXGroup section */
		9434D3E61F23D59500D8D65B = {
			isa = PBXGroup;
			children = (
				9434D3F11F23D59500D8D65B /* Project29 */,
				9434D3F01F23D59500D8D65B /* Products */,
			);
			sourceTree = "<group>";
		};
		9434D3F01F23D59500D8D65B /* Products */ = {
			isa = PBXGroup;
			children = (
				9434D3EF1F23D59500D8D65B /* Project29.app */,
			);
			name = Products;
			sourceTree = "<group>";
		};
		9434D3F11F23D59500D8D65B /* Project29 */ = {
			isa = PBXGroup;
			children = (
				9434D3F21F23D59500D8D65B /* AppDelegate.swift */,
				9441BBB41F23FEC700FA46F8 /* BuildingNode.swift */,
				9434D3F41F23D59500D8D65B /* GameScene.sks */,
				9434D3F61F23D59500D8D65B /* Actions.sks */,
				9434D3F81F23D59500D8D65B /* GameScene.swift */,
				9434D3FA1F23D59500D8D65B /* GameViewController.swift */,
				9434D3FC1F23D59500D8D65B /* Main.storyboard */,
				9434D3FF1F23D59500D8D65B /* Assets.xcassets */,
				9434D4011F23D59500D8D65B /* LaunchScreen.storyboard */,
				9434D4041F23D59500D8D65B /* Info.plist */,
				9434D40A1F23D61A00D8D65B /* Helper.swift */,
			);
			path = Project29;
			sourceTree = "<group>";
		};
/* End PBXGroup section */

/* Begin PBXNativeTarget section */
		9434D3EE1F23D59500D8D65B /* Project29 */ = {
			isa = PBXNativeTarget;
			buildConfigurationList = 9434D4071F23D59500D8D65B /* Build configuration list for PBXNativeTarget "Project29" */;
			buildPhases = (
				9434D3EB1F23D59500D8D65B /* Sources */,
				9434D3EC1F23D59500D8D65B /* Frameworks */,
				9434D3ED1F23D59500D8D65B /* Resources */,
			);
			buildRules = (
			);
			dependencies = (
			);
			name = Project29;
			productName = Project29;
			productReference = 9434D3EF1F23D59500D8D65B /* Project29.app */;
			productType = "com.apple.product-type.application";
		};
/* End PBXNativeTarget section */

/* Begin PBXProject section */
		9434D3E71F23D59500D8D65B /* Project object */ = {
			isa = PBXProject;
			attributes = {
				LastSwiftUpdateCheck = 0830;
				LastUpgradeCheck = 0830;
				ORGANIZATIONNAME = "James Slusser";
				TargetAttributes = {
					9434D3EE1F23D59500D8D65B = {
						CreatedOnToolsVersion = 8.3.3;
						DevelopmentTeam = K373EY5YU9;
						ProvisioningStyle = Automatic;
					};
				};
			};
			buildConfigurationList = 9434D3EA1F23D59500D8D65B /* Build configuration list for PBXProject "Project29" */;
			compatibilityVersion = "Xcode 3.2";
			developmentRegion = English;
			hasScannedForEncodings = 0;
			knownRegions = (
				en,
				Base,
			);
			mainGroup = 9434D3E61F23D59500D8D65B;
			productRefGroup = 9434D3F01F23D59500D8D65B /* Products */;
			projectDirPath = "";
			projectRoot = "";
			targets = (
				9434D3EE1F23D59500D8D65B /* Project29 */,
			);
		};
/* End PBXProject section */

/* Begin PBXResourcesBuildPhase section */
		9434D3ED1F23D59500D8D65B /* Resources */ = {
			isa = PBXResourcesBuildPhase;
			buildActionMask = 2147483647;
			files = (
				9434D3FE1F23D59500D8D65B /* Main.storyboard in Resources */,
				9434D3F51F23D59500D8D65B /* GameScene.sks in Resources */,
				9434D4001F23D59500D8D65B /* Assets.xcassets in Resources */,
				9434D4031F23D59500D8D65B /* LaunchScreen.storyboard in Resources */,
				9434D3F71F23D59500D8D65B /* Actions.sks in Resources */,
			);
			runOnlyForDeploymentPostprocessing = 0;
		};
/* End PBXResourcesBuildPhase section */

/* Begin PBXSourcesBuildPhase section */
		9434D3EB1F23D59500D8D65B /* Sources */ = {
			isa = PBXSourcesBuildPhase;
			buildActionMask = 2147483647;
			files = (
				9434D3F91F23D59500D8D65B /* GameScene.swift in Sources */,
				9441BBB51F23FEC700FA46F8 /* BuildingNode.swift in Sources */,
				9434D3FB1F23D59500D8D65B /* GameViewController.swift in Sources */,
				9434D3F31F23D59500D8D65B /* AppDelegate.swift in Sources */,
				9434D40B1F23D61A00D8D65B /* Helper.swift in Sources */,
			);
			runOnlyForDeploymentPostprocessing = 0;
		};
/* End PBXSourcesBuildPhase section */

/* Begin PBXVariantGroup section */
		9434D3FC1F23D59500D8D65B /* Main.storyboard */ = {
			isa = PBXVariantGroup;
			children = (
				9434D3FD1F23D59500D8D65B /* Base */,
			);
			name = Main.storyboard;
			sourceTree = "<group>";
		};
		9434D4011F23D59500D8D65B /* LaunchScreen.storyboard */ = {
			isa = PBXVariantGroup;
			children = (
				9434D4021F23D59500D8D65B /* Base */,
			);
			name = LaunchScreen.storyboard;
			sourceTree = "<group>";
		};
/* End PBXVariantGroup section */

/* Begin XCBuildConfiguration section */
		9434D4051F23D59500D8D65B /* Debug */ = {
			isa = XCBuildConfiguration;
			buildSettings = {
				ALWAYS_SEARCH_USER_PATHS = NO;
				CLANG_ANALYZER_NONNULL = YES;
				CLANG_ANALYZER_NUMBER_OBJECT_CONVERSION = YES_AGGRESSIVE;
				CLANG_CXX_LANGUAGE_STANDARD = "gnu++0x";
				CLANG_CXX_LIBRARY = "libc++";
				CLANG_ENABLE_MODULES = YES;
				CLANG_ENABLE_OBJC_ARC = YES;
				CLANG_WARN_BOOL_CONVERSION = YES;
				CLANG_WARN_CONSTANT_CONVERSION = YES;
				CLANG_WARN_DIRECT_OBJC_ISA_USAGE = YES_ERROR;
				CLANG_WARN_DOCUMENTATION_COMMENTS = YES;
				CLANG_WARN_EMPTY_BODY = YES;
				CLANG_WARN_ENUM_CONVERSION = YES;
				CLANG_WARN_INFINITE_RECURSION = YES;
				CLANG_WARN_INT_CONVERSION = YES;
				CLANG_WARN_OBJC_ROOT_CLASS = YES_ERROR;
				CLANG_WARN_SUSPICIOUS_MOVE = YES;
				CLANG_WARN_UNREACHABLE_CODE = YES;
				CLANG_WARN__DUPLICATE_METHOD_MATCH = YES;
				"CODE_SIGN_IDENTITY[sdk=iphoneos*]" = "iPhone Developer";
				COPY_PHASE_STRIP = NO;
				DEBUG_INFORMATION_FORMAT = dwarf;
				ENABLE_STRICT_OBJC_MSGSEND = YES;
				ENABLE_TESTABILITY = YES;
				GCC_C_LANGUAGE_STANDARD = gnu99;
				GCC_DYNAMIC_NO_PIC = NO;
				GCC_NO_COMMON_BLOCKS = YES;
				GCC_OPTIMIZATION_LEVEL = 0;
				GCC_PREPROCESSOR_DEFINITIONS = (
					"DEBUG=1",
					"$(inherited)",
				);
				GCC_WARN_64_TO_32_BIT_CONVERSION = YES;
				GCC_WARN_ABOUT_RETURN_TYPE = YES_ERROR;
				GCC_WARN_UNDECLARED_SELECTOR = YES;
				GCC_WARN_UNINITIALIZED_AUTOS = YES_AGGRESSIVE;
				GCC_WARN_UNUSED_FUNCTION = YES;
				GCC_WARN_UNUSED_VARIABLE = YES;
				IPHONEOS_DEPLOYMENT_TARGET = 10.3;
				MTL_ENABLE_DEBUG_INFO = YES;
				ONLY_ACTIVE_ARCH = YES;
				SDKROOT = iphoneos;
				SWIFT_ACTIVE_COMPILATION_CONDITIONS = DEBUG;
				SWIFT_OPTIMIZATION_LEVEL = "-Onone";
				TARGETED_DEVICE_FAMILY = 2;
			};
			name = Debug;
		};
		9434D4061F23D59500D8D65B /* Release */ = {
			isa = XCBuildConfiguration;
			buildSettings = {
				ALWAYS_SEARCH_USER_PATHS = NO;
				CLANG_ANALYZER_NONNULL = YES;
				CLANG_ANALYZER_NUMBER_OBJECT_CONVERSION = YES_AGGRESSIVE;
				CLANG_CXX_LANGUAGE_STANDARD = "gnu++0x";
				CLANG_CXX_LIBRARY = "libc++";
				CLANG_ENABLE_MODULES = YES;
				CLANG_ENABLE_OBJC_ARC = YES;
				CLANG_WARN_BOOL_CONVERSION = YES;
				CLANG_WARN_CONSTANT_CONVERSION = YES;
				CLANG_WARN_DIRECT_OBJC_ISA_USAGE = YES_ERROR;
				CLANG_WARN_DOCUMENTATION_COMMENTS = YES;
				CLANG_WARN_EMPTY_BODY = YES;
				CLANG_WARN_ENUM_CONVERSION = YES;
				CLANG_WARN_INFINITE_RECURSION = YES;
				CLANG_WARN_INT_CONVERSION = YES;
				CLANG_WARN_OBJC_ROOT_CLASS = YES_ERROR;
				CLANG_WARN_SUSPICIOUS_MOVE = YES;
				CLANG_WARN_UNREACHABLE_CODE = YES;
				CLANG_WARN__DUPLICATE_METHOD_MATCH = YES;
				"CODE_SIGN_IDENTITY[sdk=iphoneos*]" = "iPhone Developer";
				COPY_PHASE_STRIP = NO;
				DEBUG_INFORMATION_FORMAT = "dwarf-with-dsym";
				ENABLE_NS_ASSERTIONS = NO;
				ENABLE_STRICT_OBJC_MSGSEND = YES;
				GCC_C_LANGUAGE_STANDARD = gnu99;
				GCC_NO_COMMON_BLOCKS = YES;
				GCC_WARN_64_TO_32_BIT_CONVERSION = YES;
				GCC_WARN_ABOUT_RETURN_TYPE = YES_ERROR;
				GCC_WARN_UNDECLARED_SELECTOR = YES;
				GCC_WARN_UNINITIALIZED_AUTOS = YES_AGGRESSIVE;
				GCC_WARN_UNUSED_FUNCTION = YES;
				GCC_WARN_UNUSED_VARIABLE = YES;
				IPHONEOS_DEPLOYMENT_TARGET = 10.3;
				MTL_ENABLE_DEBUG_INFO = NO;
				SDKROOT = iphoneos;
				SWIFT_OPTIMIZATION_LEVEL = "-Owholemodule";
				TARGETED_DEVICE_FAMILY = 2;
				VALIDATE_PRODUCT = YES;
			};
			name = Release;
		};
		9434D4081F23D59500D8D65B /* Debug */ = {
			isa = XCBuildConfiguration;
			buildSettings = {
				ASSETCATALOG_COMPILER_APPICON_NAME = AppIcon;
				DEVELOPMENT_TEAM = K373EY5YU9;
				INFOPLIST_FILE = Project29/Info.plist;
				LD_RUNPATH_SEARCH_PATHS = "$(inherited) @executable_path/Frameworks";
				PRODUCT_BUNDLE_IDENTIFIER = co.kurkuma.Project29;
				PRODUCT_NAME = "$(TARGET_NAME)";
				SWIFT_VERSION = 3.0;
			};
			name = Debug;
		};
		9434D4091F23D59500D8D65B /* Release */ = {
			isa = XCBuildConfiguration;
			buildSettings = {
				ASSETCATALOG_COMPILER_APPICON_NAME = AppIcon;
				DEVELOPMENT_TEAM = K373EY5YU9;
				INFOPLIST_FILE = Project29/Info.plist;
				LD_RUNPATH_SEARCH_PATHS = "$(inherited) @executable_path/Frameworks";
				PRODUCT_BUNDLE_IDENTIFIER = co.kurkuma.Project29;
				PRODUCT_NAME = "$(TARGET_NAME)";
				SWIFT_VERSION = 3.0;
			};
			name = Release;
		};
/* End XCBuildConfiguration section */

/* Begin XCConfigurationList section */
		9434D3EA1F23D59500D8D65B /* Build configuration list for PBXProject "Project29" */ = {
			isa = XCConfigurationList;
			buildConfigurations = (
				9434D4051F23D59500D8D65B /* Debug */,
				9434D4061F23D59500D8D65B /* Release */,
			);
			defaultConfigurationIsVisible = 0;
			defaultConfigurationName = Release;
		};
		9434D4071F23D59500D8D65B /* Build configuration list for PBXNativeTarget "Project29" */ = {
			isa = XCConfigurationList;
			buildConfigurations = (
				9434D4081F23D59500D8D65B /* Debug */,
				9434D4091F23D59500D8D65B /* Release */,
			);
			defaultConfigurationIsVisible = 0;
			defaultConfigurationName = Release;
		};
/* End XCConfigurationList section */
	};
	rootObject = 9434D3E71F23D59500D8D65B /* Project object */;
}
